schema: '2.0'
stages:
  preprocess:
    cmd: python -m src.preprocessing
    deps:
    - path: data/raw
      hash: md5
      md5: 4f031cda497f36cac6922c0e7238b1f9.dir
      size: 44913306
      nfiles: 12
    - path: src/data_loader.py
      hash: md5
      md5: d82e13509bbb92dbe8d53689d704484e
      size: 573
    - path: src/preprocessing.py
      hash: md5
      md5: dd8819d05fa330a908f3f1c32d7a90c2
      size: 3064
    - path: src/validation.py
      hash: md5
      md5: 03ee6b25ce0e8f3c9f8e534a1036d019
      size: 453
    params:
      configs/config.yaml:
        preprocessing:
          window_size: 30
          rul_cap: 125
          val_size: 0.2
          seed: 42
          drop_columns:
          - op_1
          - op_2
          - op_3
          - s_1
          - s_5
          - s_6
          - s_10
          - s_16
          - s_18
          - s_19
    outs:
    - path: data/processed
      hash: md5
      md5: 3fa997381c41d59a5c9d0d7ff4c8ca24.dir
      size: 30173273
      nfiles: 2
